{
  "version": 4,
  "terraform_version": "0.15.3",
  "serial": 102,
  "lineage": "25f10a4e-4a6a-8e1f-af1a-bc2c68dd1eb4",
  "outputs": {},
  "resources": [
    {
      "mode": "managed",
      "type": "azurerm_linux_virtual_machine",
      "name": "vm2",
      "provider": "provider[\"registry.terraform.io/hashicorp/azurerm\"]",
      "instances": [
        {
          "schema_version": 0,
          "attributes": {
            "additional_capabilities": [],
            "admin_password": "P@$$w0rd1234!",
            "admin_ssh_key": [],
            "admin_username": "adminuser",
            "allow_extension_operations": true,
            "availability_set_id": "",
            "boot_diagnostics": [],
            "computer_name": "vm2",
            "custom_data": null,
            "dedicated_host_id": "",
            "disable_password_authentication": false,
            "encryption_at_host_enabled": false,
            "eviction_policy": "",
            "extensions_time_budget": "PT1H30M",
            "id": "/subscriptions/af40b767-db6a-4914-bfef-25678743ac2d/resourceGroups/mingze-resources/providers/Microsoft.Compute/virtualMachines/vm2",
            "identity": [],
            "license_type": "",
            "location": "westus2",
            "max_bid_price": -1,
            "name": "vm2",
            "network_interface_ids": [
              "/subscriptions/af40b767-db6a-4914-bfef-25678743ac2d/resourceGroups/mingze-resources/providers/Microsoft.Network/networkInterfaces/nic-2"
            ],
            "os_disk": [
              {
                "caching": "ReadWrite",
                "diff_disk_settings": [],
                "disk_encryption_set_id": "",
                "disk_size_gb": 30,
                "name": "vm2_OsDisk_1_eb59116fd1d24f248cbe2b81af8f1866",
                "storage_account_type": "Standard_LRS",
                "write_accelerator_enabled": false
              }
            ],
            "plan": [],
            "platform_fault_domain": -1,
            "priority": "Regular",
            "private_ip_address": "10.0.2.4",
            "private_ip_addresses": [
              "10.0.2.4"
            ],
            "provision_vm_agent": true,
            "proximity_placement_group_id": "",
            "public_ip_address": "",
            "public_ip_addresses": [],
            "resource_group_name": "mingze-resources",
            "secret": [],
            "size": "Standard_B2s",
            "source_image_id": "",
            "source_image_reference": [
              {
                "offer": "UbuntuServer",
                "publisher": "Canonical",
                "sku": "16.04-LTS",
                "version": "latest"
              }
            ],
            "tags": {},
            "timeouts": null,
            "virtual_machine_id": "609d8e89-bb7c-415c-9dd3-4da6393c5872",
            "virtual_machine_scale_set_id": "",
            "zone": ""
          },
          "sensitive_attributes": [],
          "private": "eyJlMmJmYjczMC1lY2FhLTExZTYtOGY4OC0zNDM2M2JjN2M0YzAiOnsiY3JlYXRlIjoyNzAwMDAwMDAwMDAwLCJkZWxldGUiOjI3MDAwMDAwMDAwMDAsInJlYWQiOjMwMDAwMDAwMDAwMCwidXBkYXRlIjoyNzAwMDAwMDAwMDAwfX0=",
          "dependencies": [
            "azurerm_subnet.subnet2",
            "azurerm_virtual_network.vnet",
            "azurerm_network_interface.nic2",
            "azurerm_resource_group.rg"
          ]
        }
      ]
    },
    {
      "mode": "managed",
      "type": "azurerm_log_analytics_workspace",
      "name": "log",
      "provider": "provider[\"registry.terraform.io/hashicorp/azurerm\"]",
      "instances": [
        {
          "schema_version": 2,
          "attributes": {
            "daily_quota_gb": -1,
            "id": "/subscriptions/af40b767-db6a-4914-bfef-25678743ac2d/resourceGroups/mingze-resources/providers/Microsoft.OperationalInsights/workspaces/log-01",
            "internet_ingestion_enabled": true,
            "internet_query_enabled": true,
            "location": "westus2",
            "name": "log-01",
            "portal_url": "",
            "primary_shared_key": "QvtbyxD49FNX5kh6MG4WqHcnBR2+7kJjb9HRqf2nydR9TNiGYpLOxDHBAW92TH+q372nv0ClwczEydI9HFzyJg==",
            "reservation_capcity_in_gb_per_day": null,
            "resource_group_name": "mingze-resources",
            "retention_in_days": 30,
            "secondary_shared_key": "DAnHo8Q8xT9/qXHqSRbBUdjkIPx2JjjTdP1Ja55c6BhxsbZYBfny3ER+m4aMp3HGmRkofNR57nU80zZ5H7V5pg==",
            "sku": "pergb2018",
            "tags": {},
            "timeouts": null,
            "workspace_id": "1584676c-71ad-4e01-85d3-fdac313fec6d"
          },
          "sensitive_attributes": [],
          "private": "eyJlMmJmYjczMC1lY2FhLTExZTYtOGY4OC0zNDM2M2JjN2M0YzAiOnsiY3JlYXRlIjoxODAwMDAwMDAwMDAwLCJkZWxldGUiOjE4MDAwMDAwMDAwMDAsInJlYWQiOjMwMDAwMDAwMDAwMCwidXBkYXRlIjoxODAwMDAwMDAwMDAwfSwic2NoZW1hX3ZlcnNpb24iOiIyIn0=",
          "dependencies": [
            "azurerm_resource_group.rg"
          ]
        }
      ]
    },
    {
      "mode": "managed",
      "type": "azurerm_network_interface",
      "name": "nic1",
      "provider": "provider[\"registry.terraform.io/hashicorp/azurerm\"]",
      "instances": [
        {
          "schema_version": 0,
          "attributes": {
            "applied_dns_servers": [],
            "dns_servers": [],
            "enable_accelerated_networking": false,
            "enable_ip_forwarding": false,
            "id": "/subscriptions/af40b767-db6a-4914-bfef-25678743ac2d/resourceGroups/mingze-resources/providers/Microsoft.Network/networkInterfaces/nic-1",
            "internal_dns_name_label": "",
            "internal_domain_name_suffix": "",
            "ip_configuration": [
              {
                "name": "internal",
                "primary": true,
                "private_ip_address": "10.0.1.4",
                "private_ip_address_allocation": "Dynamic",
                "private_ip_address_version": "IPv4",
                "public_ip_address_id": "",
                "subnet_id": "/subscriptions/af40b767-db6a-4914-bfef-25678743ac2d/resourceGroups/mingze-resources/providers/Microsoft.Network/virtualNetworks/vnet-1/subnets/subnet-1"
              }
            ],
            "location": "westus2",
            "mac_address": "00-0D-3A-FB-BB-F6",
            "name": "nic-1",
            "private_ip_address": "10.0.1.4",
            "private_ip_addresses": [
              "10.0.1.4"
            ],
            "resource_group_name": "mingze-resources",
            "tags": {},
            "timeouts": null,
            "virtual_machine_id": "/subscriptions/af40b767-db6a-4914-bfef-25678743ac2d/resourceGroups/mingze-resources/providers/Microsoft.Compute/virtualMachines/vm1"
          },
          "sensitive_attributes": [],
          "private": "eyJlMmJmYjczMC1lY2FhLTExZTYtOGY4OC0zNDM2M2JjN2M0YzAiOnsiY3JlYXRlIjoxODAwMDAwMDAwMDAwLCJkZWxldGUiOjE4MDAwMDAwMDAwMDAsInJlYWQiOjMwMDAwMDAwMDAwMCwidXBkYXRlIjoxODAwMDAwMDAwMDAwfX0=",
          "dependencies": [
            "azurerm_subnet.subnet1",
            "azurerm_virtual_network.vnet",
            "azurerm_resource_group.rg"
          ]
        }
      ]
    },
    {
      "mode": "managed",
      "type": "azurerm_network_interface",
      "name": "nic2",
      "provider": "provider[\"registry.terraform.io/hashicorp/azurerm\"]",
      "instances": [
        {
          "schema_version": 0,
          "attributes": {
            "applied_dns_servers": [],
            "dns_servers": [],
            "enable_accelerated_networking": false,
            "enable_ip_forwarding": false,
            "id": "/subscriptions/af40b767-db6a-4914-bfef-25678743ac2d/resourceGroups/mingze-resources/providers/Microsoft.Network/networkInterfaces/nic-2",
            "internal_dns_name_label": "",
            "internal_domain_name_suffix": "",
            "ip_configuration": [
              {
                "name": "internal",
                "primary": true,
                "private_ip_address": "10.0.2.4",
                "private_ip_address_allocation": "Dynamic",
                "private_ip_address_version": "IPv4",
                "public_ip_address_id": "",
                "subnet_id": "/subscriptions/af40b767-db6a-4914-bfef-25678743ac2d/resourceGroups/mingze-resources/providers/Microsoft.Network/virtualNetworks/vnet-1/subnets/subnet-2"
              }
            ],
            "location": "westus2",
            "mac_address": "00-0D-3A-FB-B8-45",
            "name": "nic-2",
            "private_ip_address": "10.0.2.4",
            "private_ip_addresses": [
              "10.0.2.4"
            ],
            "resource_group_name": "mingze-resources",
            "tags": {},
            "timeouts": null,
            "virtual_machine_id": "/subscriptions/af40b767-db6a-4914-bfef-25678743ac2d/resourceGroups/mingze-resources/providers/Microsoft.Compute/virtualMachines/vm2"
          },
          "sensitive_attributes": [],
          "private": "eyJlMmJmYjczMC1lY2FhLTExZTYtOGY4OC0zNDM2M2JjN2M0YzAiOnsiY3JlYXRlIjoxODAwMDAwMDAwMDAwLCJkZWxldGUiOjE4MDAwMDAwMDAwMDAsInJlYWQiOjMwMDAwMDAwMDAwMCwidXBkYXRlIjoxODAwMDAwMDAwMDAwfX0=",
          "dependencies": [
            "azurerm_resource_group.rg",
            "azurerm_subnet.subnet2",
            "azurerm_virtual_network.vnet"
          ]
        }
      ]
    },
    {
      "mode": "managed",
      "type": "azurerm_resource_group",
      "name": "rg",
      "provider": "provider[\"registry.terraform.io/hashicorp/azurerm\"]",
      "instances": [
        {
          "schema_version": 0,
          "attributes": {
            "id": "/subscriptions/af40b767-db6a-4914-bfef-25678743ac2d/resourceGroups/mingze-resources",
            "location": "westus2",
            "name": "mingze-resources",
            "tags": {},
            "timeouts": null
          },
          "sensitive_attributes": [],
          "private": "eyJlMmJmYjczMC1lY2FhLTExZTYtOGY4OC0zNDM2M2JjN2M0YzAiOnsiY3JlYXRlIjo1NDAwMDAwMDAwMDAwLCJkZWxldGUiOjU0MDAwMDAwMDAwMDAsInJlYWQiOjMwMDAwMDAwMDAwMCwidXBkYXRlIjo1NDAwMDAwMDAwMDAwfX0="
        }
      ]
    },
    {
      "mode": "managed",
      "type": "azurerm_subnet",
      "name": "subnet1",
      "provider": "provider[\"registry.terraform.io/hashicorp/azurerm\"]",
      "instances": [
        {
          "schema_version": 0,
          "attributes": {
            "address_prefix": "10.0.1.0/24",
            "address_prefixes": [
              "10.0.1.0/24"
            ],
            "delegation": [],
            "enforce_private_link_endpoint_network_policies": false,
            "enforce_private_link_service_network_policies": false,
            "id": "/subscriptions/af40b767-db6a-4914-bfef-25678743ac2d/resourceGroups/mingze-resources/providers/Microsoft.Network/virtualNetworks/vnet-1/subnets/subnet-1",
            "name": "subnet-1",
            "resource_group_name": "mingze-resources",
            "service_endpoint_policy_ids": [],
            "service_endpoints": [],
            "timeouts": null,
            "virtual_network_name": "vnet-1"
          },
          "sensitive_attributes": [],
          "private": "eyJlMmJmYjczMC1lY2FhLTExZTYtOGY4OC0zNDM2M2JjN2M0YzAiOnsiY3JlYXRlIjoxODAwMDAwMDAwMDAwLCJkZWxldGUiOjE4MDAwMDAwMDAwMDAsInJlYWQiOjMwMDAwMDAwMDAwMCwidXBkYXRlIjoxODAwMDAwMDAwMDAwfX0=",
          "dependencies": [
            "azurerm_resource_group.rg",
            "azurerm_virtual_network.vnet"
          ]
        }
      ]
    },
    {
      "mode": "managed",
      "type": "azurerm_subnet",
      "name": "subnet2",
      "provider": "provider[\"registry.terraform.io/hashicorp/azurerm\"]",
      "instances": [
        {
          "schema_version": 0,
          "attributes": {
            "address_prefix": "10.0.2.0/24",
            "address_prefixes": [
              "10.0.2.0/24"
            ],
            "delegation": [],
            "enforce_private_link_endpoint_network_policies": false,
            "enforce_private_link_service_network_policies": false,
            "id": "/subscriptions/af40b767-db6a-4914-bfef-25678743ac2d/resourceGroups/mingze-resources/providers/Microsoft.Network/virtualNetworks/vnet-1/subnets/subnet-2",
            "name": "subnet-2",
            "resource_group_name": "mingze-resources",
            "service_endpoint_policy_ids": [],
            "service_endpoints": [],
            "timeouts": null,
            "virtual_network_name": "vnet-1"
          },
          "sensitive_attributes": [],
          "private": "eyJlMmJmYjczMC1lY2FhLTExZTYtOGY4OC0zNDM2M2JjN2M0YzAiOnsiY3JlYXRlIjoxODAwMDAwMDAwMDAwLCJkZWxldGUiOjE4MDAwMDAwMDAwMDAsInJlYWQiOjMwMDAwMDAwMDAwMCwidXBkYXRlIjoxODAwMDAwMDAwMDAwfX0=",
          "dependencies": [
            "azurerm_resource_group.rg",
            "azurerm_virtual_network.vnet"
          ]
        }
      ]
    },
    {
      "mode": "managed",
      "type": "azurerm_virtual_machine_extension",
      "name": "linux_extension",
      "provider": "provider[\"registry.terraform.io/hashicorp/azurerm\"]",
      "instances": [
        {
          "schema_version": 0,
          "attributes": {
            "auto_upgrade_minor_version": true,
            "id": "/subscriptions/af40b767-db6a-4914-bfef-25678743ac2d/resourceGroups/mingze-resources/providers/Microsoft.Compute/virtualMachines/vm2/extensions/linux_extension",
            "name": "linux_extension",
            "protected_settings": "    {\r\n      \"workspaceKey\" : \"QvtbyxD49FNX5kh6MG4WqHcnBR2+7kJjb9HRqf2nydR9TNiGYpLOxDHBAW92TH+q372nv0ClwczEydI9HFzyJg==\"\r\n    }\r\n",
            "publisher": "Microsoft.EnterpriseCloud.Monitoring",
            "settings": "{\"workspaceId\":\"1584676c-71ad-4e01-85d3-fdac313fec6d\"}",
            "tags": {},
            "timeouts": null,
            "type": "OmsAgentForLinux",
            "type_handler_version": "1.13",
            "virtual_machine_id": "/subscriptions/af40b767-db6a-4914-bfef-25678743ac2d/resourceGroups/mingze-resources/providers/Microsoft.Compute/virtualMachines/vm2"
          },
          "sensitive_attributes": [
            [
              {
                "type": "get_attr",
                "value": "protected_settings"
              }
            ]
          ],
          "private": "eyJlMmJmYjczMC1lY2FhLTExZTYtOGY4OC0zNDM2M2JjN2M0YzAiOnsiY3JlYXRlIjoxODAwMDAwMDAwMDAwLCJkZWxldGUiOjE4MDAwMDAwMDAwMDAsInJlYWQiOjMwMDAwMDAwMDAwMCwidXBkYXRlIjoxODAwMDAwMDAwMDAwfX0=",
          "dependencies": [
            "azurerm_log_analytics_workspace.log",
            "azurerm_network_interface.nic2",
            "azurerm_resource_group.rg",
            "azurerm_subnet.subnet2",
            "azurerm_virtual_network.vnet",
            "azurerm_linux_virtual_machine.vm2"
          ]
        }
      ]
    },
    {
      "mode": "managed",
      "type": "azurerm_virtual_machine_extension",
      "name": "window_extension",
      "provider": "provider[\"registry.terraform.io/hashicorp/azurerm\"]",
      "instances": [
        {
          "schema_version": 0,
          "attributes": {
            "auto_upgrade_minor_version": true,
            "id": "/subscriptions/af40b767-db6a-4914-bfef-25678743ac2d/resourceGroups/mingze-resources/providers/Microsoft.Compute/virtualMachines/vm1/extensions/window_extension",
            "name": "window_extension",
            "protected_settings": "    {\r\n      \"workspaceKey\" : \"QvtbyxD49FNX5kh6MG4WqHcnBR2+7kJjb9HRqf2nydR9TNiGYpLOxDHBAW92TH+q372nv0ClwczEydI9HFzyJg==\"\r\n    }\r\n",
            "publisher": "Microsoft.EnterpriseCloud.Monitoring",
            "settings": "{\"workspaceId\":\"1584676c-71ad-4e01-85d3-fdac313fec6d\"}",
            "tags": {},
            "timeouts": null,
            "type": "MicrosoftMonitoringAgent",
            "type_handler_version": "1.0",
            "virtual_machine_id": "/subscriptions/af40b767-db6a-4914-bfef-25678743ac2d/resourceGroups/mingze-resources/providers/Microsoft.Compute/virtualMachines/vm1"
          },
          "sensitive_attributes": [
            [
              {
                "type": "get_attr",
                "value": "protected_settings"
              }
            ]
          ],
          "private": "eyJlMmJmYjczMC1lY2FhLTExZTYtOGY4OC0zNDM2M2JjN2M0YzAiOnsiY3JlYXRlIjoxODAwMDAwMDAwMDAwLCJkZWxldGUiOjE4MDAwMDAwMDAwMDAsInJlYWQiOjMwMDAwMDAwMDAwMCwidXBkYXRlIjoxODAwMDAwMDAwMDAwfX0=",
          "dependencies": [
            "azurerm_log_analytics_workspace.log",
            "azurerm_network_interface.nic1",
            "azurerm_resource_group.rg",
            "azurerm_subnet.subnet1",
            "azurerm_virtual_network.vnet",
            "azurerm_windows_virtual_machine.vm1"
          ]
        }
      ]
    },
    {
      "mode": "managed",
      "type": "azurerm_virtual_network",
      "name": "vnet",
      "provider": "provider[\"registry.terraform.io/hashicorp/azurerm\"]",
      "instances": [
        {
          "schema_version": 0,
          "attributes": {
            "address_space": [
              "10.0.0.0/16"
            ],
            "bgp_community": "",
            "ddos_protection_plan": [],
            "dns_servers": [],
            "guid": "2b6b6122-59d6-4ff3-b7c9-4a942aa041f8",
            "id": "/subscriptions/af40b767-db6a-4914-bfef-25678743ac2d/resourceGroups/mingze-resources/providers/Microsoft.Network/virtualNetworks/vnet-1",
            "location": "westus2",
            "name": "vnet-1",
            "resource_group_name": "mingze-resources",
            "subnet": [
              {
                "address_prefix": "10.0.1.0/24",
                "id": "/subscriptions/af40b767-db6a-4914-bfef-25678743ac2d/resourceGroups/mingze-resources/providers/Microsoft.Network/virtualNetworks/vnet-1/subnets/subnet-1",
                "name": "subnet-1",
                "security_group": "/subscriptions/af40b767-db6a-4914-bfef-25678743ac2d/resourceGroups/mingze-resources/providers/Microsoft.Network/networkSecurityGroups/acceptanceTestSecurityGroup1"
              },
              {
                "address_prefix": "10.0.2.0/24",
                "id": "/subscriptions/af40b767-db6a-4914-bfef-25678743ac2d/resourceGroups/mingze-resources/providers/Microsoft.Network/virtualNetworks/vnet-1/subnets/subnet-2",
                "name": "subnet-2",
                "security_group": ""
              },
              {
                "address_prefix": "10.0.5.0/24",
                "id": "/subscriptions/af40b767-db6a-4914-bfef-25678743ac2d/resourceGroups/mingze-resources/providers/Microsoft.Network/virtualNetworks/vnet-1/subnets/AzureBastionSubnet",
                "name": "AzureBastionSubnet",
                "security_group": ""
              }
            ],
            "tags": {},
            "timeouts": null,
            "vm_protection_enabled": false
          },
          "sensitive_attributes": [],
          "private": "eyJlMmJmYjczMC1lY2FhLTExZTYtOGY4OC0zNDM2M2JjN2M0YzAiOnsiY3JlYXRlIjoxODAwMDAwMDAwMDAwLCJkZWxldGUiOjE4MDAwMDAwMDAwMDAsInJlYWQiOjMwMDAwMDAwMDAwMCwidXBkYXRlIjoxODAwMDAwMDAwMDAwfX0=",
          "dependencies": [
            "azurerm_resource_group.rg"
          ]
        }
      ]
    },
    {
      "mode": "managed",
      "type": "azurerm_windows_virtual_machine",
      "name": "vm1",
      "provider": "provider[\"registry.terraform.io/hashicorp/azurerm\"]",
      "instances": [
        {
          "schema_version": 0,
          "attributes": {
            "additional_capabilities": [],
            "additional_unattend_content": [],
            "admin_password": "P@$$w0rd1234!",
            "admin_username": "adminuser",
            "allow_extension_operations": true,
            "availability_set_id": "",
            "boot_diagnostics": [],
            "computer_name": "vm1",
            "custom_data": null,
            "dedicated_host_id": "",
            "enable_automatic_updates": true,
            "encryption_at_host_enabled": false,
            "eviction_policy": "",
            "extensions_time_budget": "PT1H30M",
            "id": "/subscriptions/af40b767-db6a-4914-bfef-25678743ac2d/resourceGroups/mingze-resources/providers/Microsoft.Compute/virtualMachines/vm1",
            "identity": [],
            "license_type": "",
            "location": "westus2",
            "max_bid_price": -1,
            "name": "vm1",
            "network_interface_ids": [
              "/subscriptions/af40b767-db6a-4914-bfef-25678743ac2d/resourceGroups/mingze-resources/providers/Microsoft.Network/networkInterfaces/nic-1"
            ],
            "os_disk": [
              {
                "caching": "ReadWrite",
                "diff_disk_settings": [],
                "disk_encryption_set_id": "",
                "disk_size_gb": 127,
                "name": "vm1_OsDisk_1_32b9db5240e64ad7bbc34733de378c9f",
                "storage_account_type": "Standard_LRS",
                "write_accelerator_enabled": false
              }
            ],
            "patch_mode": "AutomaticByOS",
            "plan": [],
            "platform_fault_domain": -1,
            "priority": "Regular",
            "private_ip_address": "10.0.1.4",
            "private_ip_addresses": [
              "10.0.1.4"
            ],
            "provision_vm_agent": true,
            "proximity_placement_group_id": "",
            "public_ip_address": "",
            "public_ip_addresses": [],
            "resource_group_name": "mingze-resources",
            "secret": [],
            "size": "Standard_B2s",
            "source_image_id": "",
            "source_image_reference": [
              {
                "offer": "WindowsServer",
                "publisher": "MicrosoftWindowsServer",
                "sku": "2016-Datacenter",
                "version": "latest"
              }
            ],
            "tags": {},
            "timeouts": null,
            "timezone": "",
            "virtual_machine_id": "495b1d5e-b987-4162-a4a1-c64497a07fd0",
            "virtual_machine_scale_set_id": "",
            "winrm_listener": [],
            "zone": ""
          },
          "sensitive_attributes": [],
          "private": "eyJlMmJmYjczMC1lY2FhLTExZTYtOGY4OC0zNDM2M2JjN2M0YzAiOnsiY3JlYXRlIjoyNzAwMDAwMDAwMDAwLCJkZWxldGUiOjI3MDAwMDAwMDAwMDAsInJlYWQiOjMwMDAwMDAwMDAwMCwidXBkYXRlIjoyNzAwMDAwMDAwMDAwfX0=",
          "dependencies": [
            "azurerm_network_interface.nic1",
            "azurerm_resource_group.rg",
            "azurerm_subnet.subnet1",
            "azurerm_virtual_network.vnet"
          ]
        }
      ]
    }
  ]
}
