{
  "version": 4,
  "terraform_version": "0.15.3",
  "serial": 49,
  "lineage": "8c7b54cd-23f6-2297-8a7b-e0a792db9cbe",
  "outputs": {},
  "resources": [
    {
      "mode": "managed",
      "type": "azurerm_app_service",
      "name": "example",
      "provider": "provider[\"registry.terraform.io/hashicorp/azurerm\"]",
      "instances": [
        {
          "schema_version": 0,
          "attributes": {
            "app_service_plan_id": "/subscriptions/4d822bd3-ec92-420d-9c6b-029f28db55d0/resourceGroups/example-resources/providers/Microsoft.Web/serverfarms/example-appserviceplan",
            "app_settings": {},
            "auth_settings": [
              {
                "active_directory": [],
                "additional_login_params": {},
                "allowed_external_redirect_urls": [],
                "default_provider": "",
                "enabled": false,
                "facebook": [],
                "google": [],
                "issuer": "",
                "microsoft": [],
                "runtime_version": "",
                "token_refresh_extension_hours": 0,
                "token_store_enabled": false,
                "twitter": [],
                "unauthenticated_client_action": ""
              }
            ],
            "backup": [],
            "client_affinity_enabled": false,
            "client_cert_enabled": false,
            "connection_string": [
              {
                "name": "Database",
                "type": "SQLServer",
                "value": "Server=tcp:azurerm_sql_server.sqldb.fully_qualified_domain_name Database=azurerm_sql_database.db.name;User ID=azurerm_sql_server.sqldb.administrator_login;Password=azurerm_sql_server.sqldb.administrator_login_password;Trusted_Connection=False;Encrypt=True;"
              }
            ],
            "custom_domain_verification_id": "C9ADCFE2E7F30BF507DC8059481168A09C264D12B2AC9A073688AC20B29BA24A",
            "default_site_hostname": "mingze-app-service-01.azurewebsites.net",
            "enabled": true,
            "https_only": false,
            "id": "/subscriptions/4d822bd3-ec92-420d-9c6b-029f28db55d0/resourceGroups/example-resources/providers/Microsoft.Web/sites/mingze-app-service-01",
            "identity": [],
            "location": "westus2",
            "logs": [
              {
                "application_logs": [
                  {
                    "azure_blob_storage": [],
                    "file_system_level": "Off"
                  }
                ],
                "detailed_error_messages_enabled": false,
                "failed_request_tracing_enabled": false,
                "http_logs": [
                  {
                    "azure_blob_storage": [],
                    "file_system": []
                  }
                ]
              }
            ],
            "name": "mingze-app-service-01",
            "outbound_ip_address_list": [
              "40.64.105.0",
              "40.64.108.11",
              "40.64.110.63",
              "40.64.110.93",
              "40.64.110.97",
              "40.64.110.116",
              "20.42.128.99"
            ],
            "outbound_ip_addresses": "40.64.105.0,40.64.108.11,40.64.110.63,40.64.110.93,40.64.110.97,40.64.110.116,20.42.128.99",
            "possible_outbound_ip_address_list": [
              "40.64.105.0",
              "40.64.108.11",
              "40.64.110.63",
              "40.64.110.93",
              "40.64.110.97",
              "40.64.110.116",
              "40.64.110.124",
              "40.64.110.126",
              "40.64.110.129",
              "40.64.110.132",
              "40.64.110.169",
              "40.64.110.171",
              "40.125.124.245",
              "40.125.125.10",
              "40.125.125.25",
              "40.125.125.99",
              "40.125.125.139",
              "40.125.125.150",
              "20.42.128.99"
            ],
            "possible_outbound_ip_addresses": "40.64.105.0,40.64.108.11,40.64.110.63,40.64.110.93,40.64.110.97,40.64.110.116,40.64.110.124,40.64.110.126,40.64.110.129,40.64.110.132,40.64.110.169,40.64.110.171,40.125.124.245,40.125.125.10,40.125.125.25,40.125.125.99,40.125.125.139,40.125.125.150,20.42.128.99",
            "resource_group_name": "example-resources",
            "site_config": [
              {
                "always_on": false,
                "app_command_line": "",
                "auto_swap_slot_name": "",
                "cors": [
                  {
                    "allowed_origins": [],
                    "support_credentials": false
                  }
                ],
                "default_documents": [],
                "dotnet_framework_version": "v4.0",
                "ftps_state": "AllAllowed",
                "health_check_path": "",
                "http2_enabled": false,
                "ip_restriction": [],
                "java_container": "",
                "java_container_version": "",
                "java_version": "",
                "linux_fx_version": "",
                "local_mysql_enabled": false,
                "managed_pipeline_mode": "Integrated",
                "min_tls_version": "1.2",
                "number_of_workers": 1,
                "php_version": "7.4",
                "python_version": "",
                "remote_debugging_enabled": false,
                "remote_debugging_version": "VS2019",
                "scm_ip_restriction": [],
                "scm_type": "LocalGit",
                "scm_use_main_ip_restriction": false,
                "use_32_bit_worker_process": false,
                "websockets_enabled": false,
                "windows_fx_version": ""
              }
            ],
            "site_credential": [
              {
                "password": "yQLGDqGgE1uSu4qo4y2HxPTvQNDrXQTJaumJlvQ18P6aNdbw6XlD0LrQE3pa",
                "username": "$mingze-app-service-01"
              }
            ],
            "source_control": [
              {
                "branch": "master",
                "manual_integration": false,
                "repo_url": "https://mingze-app-service-01.scm.azurewebsites.net",
                "rollback_enabled": false,
                "use_mercurial": false
              }
            ],
            "storage_account": [],
            "tags": {},
            "timeouts": null
          },
          "sensitive_attributes": [],
          "private": "eyJlMmJmYjczMC1lY2FhLTExZTYtOGY4OC0zNDM2M2JjN2M0YzAiOnsiY3JlYXRlIjoxODAwMDAwMDAwMDAwLCJkZWxldGUiOjE4MDAwMDAwMDAwMDAsInJlYWQiOjMwMDAwMDAwMDAwMCwidXBkYXRlIjoxODAwMDAwMDAwMDAwfX0=",
          "dependencies": [
            "azurerm_app_service_plan.example",
            "azurerm_resource_group.example"
          ]
        }
      ]
    },
    {
      "mode": "managed",
      "type": "azurerm_app_service_plan",
      "name": "example",
      "provider": "provider[\"registry.terraform.io/hashicorp/azurerm\"]",
      "instances": [
        {
          "schema_version": 0,
          "attributes": {
            "app_service_environment_id": "",
            "id": "/subscriptions/4d822bd3-ec92-420d-9c6b-029f28db55d0/resourceGroups/example-resources/providers/Microsoft.Web/serverfarms/example-appserviceplan",
            "is_xenon": false,
            "kind": "linux",
            "location": "westus2",
            "maximum_elastic_worker_count": 1,
            "maximum_number_of_workers": 10,
            "name": "example-appserviceplan",
            "per_site_scaling": false,
            "reserved": true,
            "resource_group_name": "example-resources",
            "sku": [
              {
                "capacity": 1,
                "size": "S1",
                "tier": "Standard"
              }
            ],
            "tags": {},
            "timeouts": null
          },
          "sensitive_attributes": [],
          "private": "eyJlMmJmYjczMC1lY2FhLTExZTYtOGY4OC0zNDM2M2JjN2M0YzAiOnsiY3JlYXRlIjozNjAwMDAwMDAwMDAwLCJkZWxldGUiOjM2MDAwMDAwMDAwMDAsInJlYWQiOjMwMDAwMDAwMDAwMCwidXBkYXRlIjozNjAwMDAwMDAwMDAwfX0=",
          "dependencies": [
            "azurerm_resource_group.example"
          ]
        }
      ]
    },
    {
      "mode": "managed",
      "type": "azurerm_resource_group",
      "name": "example",
      "provider": "provider[\"registry.terraform.io/hashicorp/azurerm\"]",
      "instances": [
        {
          "schema_version": 0,
          "attributes": {
            "id": "/subscriptions/4d822bd3-ec92-420d-9c6b-029f28db55d0/resourceGroups/example-resources",
            "location": "westus2",
            "name": "example-resources",
            "tags": {},
            "timeouts": null
          },
          "sensitive_attributes": [],
          "private": "eyJlMmJmYjczMC1lY2FhLTExZTYtOGY4OC0zNDM2M2JjN2M0YzAiOnsiY3JlYXRlIjo1NDAwMDAwMDAwMDAwLCJkZWxldGUiOjU0MDAwMDAwMDAwMDAsInJlYWQiOjMwMDAwMDAwMDAwMCwidXBkYXRlIjo1NDAwMDAwMDAwMDAwfX0="
        }
      ]
    },
    {
      "mode": "managed",
      "type": "azurerm_sql_database",
      "name": "db",
      "provider": "provider[\"registry.terraform.io/hashicorp/azurerm\"]",
      "instances": [
        {
          "schema_version": 0,
          "attributes": {
            "collation": "SQL_Latin1_General_CP1_CI_AS",
            "create_mode": "Default",
            "creation_date": "2021-06-01T03:24:50.297Z",
            "default_secondary_location": "West Central US",
            "edition": "Standard",
            "elastic_pool_name": "",
            "encryption": "",
            "extended_auditing_policy": [],
            "id": "/subscriptions/4d822bd3-ec92-420d-9c6b-029f28db55d0/resourceGroups/example-resources/providers/Microsoft.Sql/servers/sqldb-mingze-01/databases/db-mingze-01",
            "import": [],
            "location": "westus2",
            "max_size_bytes": "268435456000",
            "max_size_gb": null,
            "name": "db-mingze-01",
            "read_scale": false,
            "requested_service_objective_id": "f1173c43-91bd-4aaa-973c-54e79e15235b",
            "requested_service_objective_name": "S0",
            "resource_group_name": "example-resources",
            "restore_point_in_time": null,
            "server_name": "sqldb-mingze-01",
            "source_database_deletion_date": null,
            "source_database_id": null,
            "tags": {},
            "threat_detection_policy": [
              {
                "disabled_alerts": [],
                "email_account_admins": "Disabled",
                "email_addresses": [],
                "retention_days": 0,
                "state": "Disabled",
                "storage_account_access_key": "",
                "storage_endpoint": "",
                "use_server_default": "Disabled"
              }
            ],
            "timeouts": null,
            "zone_redundant": false
          },
          "sensitive_attributes": [],
          "private": "eyJlMmJmYjczMC1lY2FhLTExZTYtOGY4OC0zNDM2M2JjN2M0YzAiOnsiY3JlYXRlIjozNjAwMDAwMDAwMDAwLCJkZWxldGUiOjM2MDAwMDAwMDAwMDAsInJlYWQiOjMwMDAwMDAwMDAwMCwidXBkYXRlIjozNjAwMDAwMDAwMDAwfX0=",
          "dependencies": [
            "azurerm_resource_group.example",
            "azurerm_sql_server.sqldb"
          ]
        }
      ]
    },
    {
      "mode": "managed",
      "type": "azurerm_sql_server",
      "name": "sqldb",
      "provider": "provider[\"registry.terraform.io/hashicorp/azurerm\"]",
      "instances": [
        {
          "schema_version": 0,
          "attributes": {
            "administrator_login": "mingzedb",
            "administrator_login_password": "Wofeichangai$98",
            "connection_policy": "Default",
            "extended_auditing_policy": [],
            "fully_qualified_domain_name": "sqldb-mingze-01.database.windows.net",
            "id": "/subscriptions/4d822bd3-ec92-420d-9c6b-029f28db55d0/resourceGroups/example-resources/providers/Microsoft.Sql/servers/sqldb-mingze-01",
            "identity": [],
            "location": "westus2",
            "name": "sqldb-mingze-01",
            "resource_group_name": "example-resources",
            "tags": {},
            "timeouts": null,
            "version": "12.0"
          },
          "sensitive_attributes": [],
          "private": "eyJlMmJmYjczMC1lY2FhLTExZTYtOGY4OC0zNDM2M2JjN2M0YzAiOnsiY3JlYXRlIjozNjAwMDAwMDAwMDAwLCJkZWxldGUiOjM2MDAwMDAwMDAwMDAsInJlYWQiOjMwMDAwMDAwMDAwMCwidXBkYXRlIjozNjAwMDAwMDAwMDAwfX0=",
          "dependencies": [
            "azurerm_resource_group.example"
          ]
        }
      ]
    }
  ]
}
