{
  "version": 4,
  "terraform_version": "0.15.3",
  "serial": 65,
  "lineage": "e61b82e8-4bfc-2e29-c3ad-bac87b55666d",
  "outputs": {},
  "resources": [
    {
      "module": "module.az_network_interface",
      "mode": "managed",
      "type": "azurerm_network_interface",
      "name": "az_network_interface",
      "provider": "provider[\"registry.terraform.io/hashicorp/azurerm\"]",
      "instances": [
        {
          "schema_version": 0,
          "attributes": {
            "applied_dns_servers": [],
            "dns_servers": [],
            "enable_accelerated_networking": false,
            "enable_ip_forwarding": false,
            "id": "/subscriptions/4d822bd3-ec92-420d-9c6b-029f28db55d0/resourceGroups/rg2/providers/Microsoft.Network/networkInterfaces/mingze-network-interface",
            "internal_dns_name_label": "",
            "internal_domain_name_suffix": "5kmqlh3f4qlefogxnzx2zxvarb.xx.internal.cloudapp.net",
            "ip_configuration": [
              {
                "name": "internal",
                "primary": true,
                "private_ip_address": "10.0.2.4",
                "private_ip_address_allocation": "Dynamic",
                "private_ip_address_version": "IPv4",
                "public_ip_address_id": "/subscriptions/4d822bd3-ec92-420d-9c6b-029f28db55d0/resourceGroups/rg2/providers/Microsoft.Network/publicIPAddresses/mingze-public_ip-02",
                "subnet_id": "/subscriptions/4d822bd3-ec92-420d-9c6b-029f28db55d0/resourceGroups/rg2/providers/Microsoft.Network/virtualNetworks/vnet-1/subnets/mingze-subnet"
              }
            ],
            "location": "westus2",
            "mac_address": "00-0D-3A-06-85-E3",
            "name": "mingze-network-interface",
            "private_ip_address": "10.0.2.4",
            "private_ip_addresses": [
              "10.0.2.4"
            ],
            "resource_group_name": "rg2",
            "tags": {},
            "timeouts": null,
            "virtual_machine_id": "/subscriptions/4d822bd3-ec92-420d-9c6b-029f28db55d0/resourceGroups/rg2/providers/Microsoft.Compute/virtualMachines/mingze-vm2"
          },
          "sensitive_attributes": [],
          "private": "eyJlMmJmYjczMC1lY2FhLTExZTYtOGY4OC0zNDM2M2JjN2M0YzAiOnsiY3JlYXRlIjoxODAwMDAwMDAwMDAwLCJkZWxldGUiOjE4MDAwMDAwMDAwMDAsInJlYWQiOjMwMDAwMDAwMDAwMCwidXBkYXRlIjoxODAwMDAwMDAwMDAwfX0=",
          "dependencies": [
            "module.subnet.azurerm_subnet.subnet",
            "module.vnet.azurerm_virtual_network.vnet",
            "module.az_public_ip.azurerm_public_ip.az_public_ip",
            "module.rg.azurerm_resource_group.rg"
          ]
        }
      ]
    },
    {
      "module": "module.az_public_ip",
      "mode": "managed",
      "type": "azurerm_public_ip",
      "name": "az_public_ip",
      "provider": "provider[\"registry.terraform.io/hashicorp/azurerm\"]",
      "instances": [
        {
          "schema_version": 0,
          "attributes": {
            "allocation_method": "Dynamic",
            "domain_name_label": null,
            "fqdn": null,
            "id": "/subscriptions/4d822bd3-ec92-420d-9c6b-029f28db55d0/resourceGroups/rg2/providers/Microsoft.Network/publicIPAddresses/mingze-public_ip-02",
            "idle_timeout_in_minutes": 4,
            "ip_address": "20.69.120.240",
            "ip_tags": {},
            "ip_version": "IPv4",
            "location": "westus2",
            "name": "mingze-public_ip-02",
            "public_ip_prefix_id": null,
            "resource_group_name": "rg2",
            "reverse_fqdn": null,
            "sku": "Basic",
            "tags": {},
            "timeouts": null,
            "zones": []
          },
          "sensitive_attributes": [],
          "private": "eyJlMmJmYjczMC1lY2FhLTExZTYtOGY4OC0zNDM2M2JjN2M0YzAiOnsiY3JlYXRlIjoxODAwMDAwMDAwMDAwLCJkZWxldGUiOjE4MDAwMDAwMDAwMDAsInJlYWQiOjMwMDAwMDAwMDAwMCwidXBkYXRlIjoxODAwMDAwMDAwMDAwfX0=",
          "dependencies": [
            "module.rg.azurerm_resource_group.rg"
          ]
        }
      ]
    },
    {
      "module": "module.az_virtual_machine",
      "mode": "managed",
      "type": "azurerm_virtual_machine",
      "name": "az_virtual_machine",
      "provider": "provider[\"registry.terraform.io/hashicorp/azurerm\"]",
      "instances": [
        {
          "index_key": 1,
          "schema_version": 0,
          "attributes": {
            "additional_capabilities": [],
            "availability_set_id": "/subscriptions/4d822bd3-ec92-420d-9c6b-029f28db55d0/resourcegroups/rg2/providers/microsoft.compute/availabilitysets/avset",
            "boot_diagnostics": [],
            "delete_data_disks_on_termination": false,
            "delete_os_disk_on_termination": true,
            "id": "/subscriptions/4d822bd3-ec92-420d-9c6b-029f28db55d0/resourceGroups/rg2/providers/Microsoft.Compute/virtualMachines/mingze-vm2",
            "identity": [],
            "license_type": null,
            "location": "westus2",
            "name": "mingze-vm2",
            "network_interface_ids": [
              "/subscriptions/4d822bd3-ec92-420d-9c6b-029f28db55d0/resourceGroups/rg2/providers/Microsoft.Network/networkInterfaces/mingze-network-interface"
            ],
            "os_profile": [
              {
                "admin_password": "",
                "admin_username": "mingze",
                "computer_name": "mingze-vm-host",
                "custom_data": ""
              }
            ],
            "os_profile_linux_config": [
              {
                "disable_password_authentication": false,
                "ssh_keys": []
              }
            ],
            "os_profile_secrets": [],
            "os_profile_windows_config": [],
            "plan": [],
            "primary_network_interface_id": null,
            "proximity_placement_group_id": null,
            "resource_group_name": "rg2",
            "storage_data_disk": [],
            "storage_image_reference": [
              {
                "id": "",
                "offer": "UbuntuServer",
                "publisher": "Canonical",
                "sku": "18.04-LTS",
                "version": "latest"
              }
            ],
            "storage_os_disk": [
              {
                "caching": "ReadWrite",
                "create_option": "FromImage",
                "disk_size_gb": 30,
                "image_uri": "",
                "managed_disk_id": "/subscriptions/4d822bd3-ec92-420d-9c6b-029f28db55d0/resourceGroups/rg2/providers/Microsoft.Compute/disks/mingze-vm-disk",
                "managed_disk_type": "Standard_LRS",
                "name": "mingze-vm-disk",
                "os_type": "Linux",
                "vhd_uri": "",
                "write_accelerator_enabled": false
              }
            ],
            "tags": {},
            "timeouts": null,
            "vm_size": "Standard_D2_v2",
            "zones": []
          },
          "sensitive_attributes": [],
          "private": "eyJlMmJmYjczMC1lY2FhLTExZTYtOGY4OC0zNDM2M2JjN2M0YzAiOnsiY3JlYXRlIjozNjAwMDAwMDAwMDAwLCJkZWxldGUiOjM2MDAwMDAwMDAwMDAsInJlYWQiOjMwMDAwMDAwMDAwMCwidXBkYXRlIjozNjAwMDAwMDAwMDAwfX0=",
          "dependencies": [
            "module.az_public_ip.azurerm_public_ip.az_public_ip",
            "module.azurerm_availability_set.azurerm_availability_set.avset",
            "module.rg.azurerm_resource_group.rg",
            "module.subnet.azurerm_subnet.subnet",
            "module.vnet.azurerm_virtual_network.vnet",
            "module.az_network_interface.azurerm_network_interface.az_network_interface"
          ]
        }
      ]
    },
    {
      "module": "module.azurerm_availability_set",
      "mode": "managed",
      "type": "azurerm_availability_set",
      "name": "avset",
      "provider": "provider[\"registry.terraform.io/hashicorp/azurerm\"]",
      "instances": [
        {
          "schema_version": 0,
          "attributes": {
            "id": "/subscriptions/4d822bd3-ec92-420d-9c6b-029f28db55d0/resourceGroups/rg2/providers/Microsoft.Compute/availabilitySets/avset",
            "location": "westus2",
            "managed": true,
            "name": "avset",
            "platform_fault_domain_count": 2,
            "platform_update_domain_count": 2,
            "proximity_placement_group_id": null,
            "resource_group_name": "rg2",
            "tags": {},
            "timeouts": null
          },
          "sensitive_attributes": [],
          "private": "eyJlMmJmYjczMC1lY2FhLTExZTYtOGY4OC0zNDM2M2JjN2M0YzAiOnsiY3JlYXRlIjoxODAwMDAwMDAwMDAwLCJkZWxldGUiOjE4MDAwMDAwMDAwMDAsInJlYWQiOjMwMDAwMDAwMDAwMCwidXBkYXRlIjoxODAwMDAwMDAwMDAwfX0=",
          "dependencies": [
            "module.rg.azurerm_resource_group.rg"
          ]
        }
      ]
    },
    {
      "module": "module.rg",
      "mode": "managed",
      "type": "azurerm_resource_group",
      "name": "rg",
      "provider": "provider[\"registry.terraform.io/hashicorp/azurerm\"]",
      "instances": [
        {
          "schema_version": 0,
          "attributes": {
            "id": "/subscriptions/4d822bd3-ec92-420d-9c6b-029f28db55d0/resourceGroups/rg2",
            "location": "westus2",
            "name": "rg2",
            "tags": {},
            "timeouts": null
          },
          "sensitive_attributes": [],
          "private": "eyJlMmJmYjczMC1lY2FhLTExZTYtOGY4OC0zNDM2M2JjN2M0YzAiOnsiY3JlYXRlIjo1NDAwMDAwMDAwMDAwLCJkZWxldGUiOjU0MDAwMDAwMDAwMDAsInJlYWQiOjMwMDAwMDAwMDAwMCwidXBkYXRlIjo1NDAwMDAwMDAwMDAwfX0="
        }
      ]
    },
    {
      "module": "module.subnet",
      "mode": "managed",
      "type": "azurerm_subnet",
      "name": "subnet",
      "provider": "provider[\"registry.terraform.io/hashicorp/azurerm\"]",
      "instances": [
        {
          "schema_version": 0,
          "attributes": {
            "address_prefix": "10.0.2.0/26",
            "address_prefixes": [
              "10.0.2.0/26"
            ],
            "delegation": [],
            "enforce_private_link_endpoint_network_policies": false,
            "enforce_private_link_service_network_policies": false,
            "id": "/subscriptions/4d822bd3-ec92-420d-9c6b-029f28db55d0/resourceGroups/rg2/providers/Microsoft.Network/virtualNetworks/vnet-1/subnets/mingze-subnet",
            "name": "mingze-subnet",
            "resource_group_name": "rg2",
            "service_endpoint_policy_ids": [],
            "service_endpoints": [],
            "timeouts": null,
            "virtual_network_name": "vnet-1"
          },
          "sensitive_attributes": [],
          "private": "eyJlMmJmYjczMC1lY2FhLTExZTYtOGY4OC0zNDM2M2JjN2M0YzAiOnsiY3JlYXRlIjoxODAwMDAwMDAwMDAwLCJkZWxldGUiOjE4MDAwMDAwMDAwMDAsInJlYWQiOjMwMDAwMDAwMDAwMCwidXBkYXRlIjoxODAwMDAwMDAwMDAwfX0=",
          "dependencies": [
            "module.vnet.azurerm_virtual_network.vnet",
            "module.rg.azurerm_resource_group.rg"
          ]
        }
      ]
    },
    {
      "module": "module.vnet",
      "mode": "managed",
      "type": "azurerm_virtual_network",
      "name": "vnet",
      "provider": "provider[\"registry.terraform.io/hashicorp/azurerm\"]",
      "instances": [
        {
          "schema_version": 0,
          "attributes": {
            "address_space": [
              "10.0.0.0/16"
            ],
            "bgp_community": "",
            "ddos_protection_plan": [],
            "dns_servers": [],
            "guid": "9f0599fa-f4a5-4216-b8d7-6e6fccdea089",
            "id": "/subscriptions/4d822bd3-ec92-420d-9c6b-029f28db55d0/resourceGroups/rg2/providers/Microsoft.Network/virtualNetworks/vnet-1",
            "location": "westus2",
            "name": "vnet-1",
            "resource_group_name": "rg2",
            "subnet": [
              {
                "address_prefix": "10.0.2.0/26",
                "id": "/subscriptions/4d822bd3-ec92-420d-9c6b-029f28db55d0/resourceGroups/rg2/providers/Microsoft.Network/virtualNetworks/vnet-1/subnets/mingze-subnet",
                "name": "mingze-subnet",
                "security_group": ""
              }
            ],
            "tags": {},
            "timeouts": null,
            "vm_protection_enabled": false
          },
          "sensitive_attributes": [],
          "private": "eyJlMmJmYjczMC1lY2FhLTExZTYtOGY4OC0zNDM2M2JjN2M0YzAiOnsiY3JlYXRlIjoxODAwMDAwMDAwMDAwLCJkZWxldGUiOjE4MDAwMDAwMDAwMDAsInJlYWQiOjMwMDAwMDAwMDAwMCwidXBkYXRlIjoxODAwMDAwMDAwMDAwfX0=",
          "dependencies": [
            "module.rg.azurerm_resource_group.rg"
          ]
        }
      ]
    }
  ]
}
